github.com/aarsakian/EWF_Reader v0.0.0-20230921172600-708931c9cbbf h1:ZVi+fh3RWjMl4+vxPsHuGKJ1H+2e6V0I2TX+L2V3lpg=
github.com/aarsakian/EWF_Reader v0.0.0-20230921172600-708931c9cbbf/go.mod h1:d6erJYcE1G79EhLFO1lTgteghLoEYyn3B4MEsTR2Hpo=
github.com/aarsakian/EWF_Reader v0.0.0-20231017063831-ea808957df06 h1:JWsR5p+9B51/RuoxMW9hRnG5ssgf6fMtDWLUly/qOxI=
github.com/aarsakian/EWF_Reader v0.0.0-20231017063831-ea808957df06/go.mod h1:d6erJYcE1G79EhLFO1lTgteghLoEYyn3B4MEsTR2Hpo=
github.com/aarsakian/EWF_Reader v0.0.0-20231017124704-760c6ebc397d h1:1jPofBR1nQQ/LijsoJzkElxV4BWeoyDKM6W7LyVGUTk=
github.com/aarsakian/EWF_Reader v0.0.0-20231017124704-760c6ebc397d/go.mod h1:d6erJYcE1G79EhLFO1lTgteghLoEYyn3B4MEsTR2Hpo=
github.com/aarsakian/EWF_Reader v0.0.0-20231017125543-c8e35559dd3c h1:wQ+QkT3A9Ptcv3VLJ3O9YyhUK7WWRLcRBbuFIlZzRcc=
github.com/aarsakian/EWF_Reader v0.0.0-20231017125543-c8e35559dd3c/go.mod h1:d6erJYcE1G79EhLFO1lTgteghLoEYyn3B4MEsTR2Hpo=
github.com/aarsakian/MFTExtractor v0.0.0-20231011120430-cb35ae522379 h1:T2lSAVpvGsE2O7olYbLIFoRWTZF02aIZWgqymfKv8c8=
github.com/aarsakian/MFTExtractor v0.0.0-20231011120430-cb35ae522379/go.mod h1:5rDBrKabUaUjAXOiPmJm8AdPAKkKcXit89TF48U8bBE=
github.com/aarsakian/MFTExtractor v0.0.0-20231012164709-8e3d94c6a208 h1:s0GOggLWGsUMioWpEJG873BaNvSQk2VIXUH0s3Fi5mM=
github.com/aarsakian/MFTExtractor v0.0.0-20231012164709-8e3d94c6a208/go.mod h1:5rDBrKabUaUjAXOiPmJm8AdPAKkKcXit89TF48U8bBE=
github.com/aarsakian/MFTExtractor v0.0.0-20231012172230-9337fd902561 h1:kt4oJ3xOf+hLASZn0qUXIm+xQtLLtbJyXkoIKvAzM+E=
github.com/aarsakian/MFTExtractor v0.0.0-20231012172230-9337fd902561/go.mod h1:5rDBrKabUaUjAXOiPmJm8AdPAKkKcXit89TF48U8bBE=
github.com/aarsakian/MFTExtractor v0.0.0-20231012180829-3c346ed526f0 h1:wrSnqi9nImuIvyek9bnnErFsWRNMjefDtZfwkYqK/Z8=
github.com/aarsakian/MFTExtractor v0.0.0-20231012180829-3c346ed526f0/go.mod h1:5rDBrKabUaUjAXOiPmJm8AdPAKkKcXit89TF48U8bBE=
github.com/aarsakian/MFTExtractor v0.0.0-20231014065632-6d7448b8440f h1:9axzyRSCdIOlL3fivRpfuNe9seSVIF5ExoDqfJEtbbc=
github.com/aarsakian/MFTExtractor v0.0.0-20231014065632-6d7448b8440f/go.mod h1:5rDBrKabUaUjAXOiPmJm8AdPAKkKcXit89TF48U8bBE=
github.com/aarsakian/MFTExtractor v0.0.0-20231016082424-988281b9ce6f h1:Y9TI7U6pkZfU4rU677vqPI/XC7FDDEps+T1JMW265os=
github.com/aarsakian/MFTExtractor v0.0.0-20231016082424-988281b9ce6f/go.mod h1:5rDBrKabUaUjAXOiPmJm8AdPAKkKcXit89TF48U8bBE=
github.com/aarsakian/MFTExtractor v0.0.0-20231017064444-4caa1d653257 h1:0iWV/ofUStE2xNMSsitM28GQo99l/PDDfH17L4WdRZs=
github.com/aarsakian/MFTExtractor v0.0.0-20231017064444-4caa1d653257/go.mod h1:mn8wq12AHTpVFgvM5kKExcqhetR95TZFaPIfoort6wk=
github.com/aarsakian/MFTExtractor v0.0.0-20231017125804-5e19a51a76dc h1:LgxILBmHoUIIqu74xtKh3rR+t9l0rFvPJPveksjjMgc=
github.com/aarsakian/MFTExtractor v0.0.0-20231017125804-5e19a51a76dc/go.mod h1:ZVXeEnAE9xOVwayPRuBhKwwENPDBDDMB7LfubDNTshQ=
github.com/aarsakian/MFTExtractor v0.0.0-20231017132447-e6e7ce568466 h1:bapLhTQyAyjxIBmllbfJplP9hE/qNO2G9MbL99kbCHE=
github.com/aarsakian/MFTExtractor v0.0.0-20231017132447-e6e7ce568466/go.mod h1:yT/9IhV/2QzAUxG1P/9/2QP6cau1CwQrDTXtrxV6peQ=
golang.org/x/sys v0.13.0 h1:Af8nKPmuFypiUBjVoU9V20FiaFXOcuZI21p0ycVYYGE=
golang.org/x/sys v0.13.0/go.mod h1:oPkhp1MJrh7nUepCBck5+mAzfO9JrbApNNgaTdGDITg=
golang.org/x/text v0.13.0 h1:ablQoSUd0tRdKxZewP80B+BaqeKJuVhuRxj/dkrun3k=
golang.org/x/text v0.13.0/go.mod h1:TvPlkZtksWOMsz7fbANvkp4WM8x/WCo/om8BMLbz+aE=
