github.com/aarsakian/EWF_Reader v0.0.0-20230921172600-708931c9cbbf h1:ZVi+fh3RWjMl4+vxPsHuGKJ1H+2e6V0I2TX+L2V3lpg=
github.com/aarsakian/EWF_Reader v0.0.0-20230921172600-708931c9cbbf/go.mod h1:d6erJYcE1G79EhLFO1lTgteghLoEYyn3B4MEsTR2Hpo=
github.com/aarsakian/EWF_Reader v0.0.0-20231017063831-ea808957df06 h1:JWsR5p+9B51/RuoxMW9hRnG5ssgf6fMtDWLUly/qOxI=
github.com/aarsakian/EWF_Reader v0.0.0-20231017063831-ea808957df06/go.mod h1:d6erJYcE1G79EhLFO1lTgteghLoEYyn3B4MEsTR2Hpo=
github.com/aarsakian/EWF_Reader v0.0.0-20231017124704-760c6ebc397d h1:1jPofBR1nQQ/LijsoJzkElxV4BWeoyDKM6W7LyVGUTk=
github.com/aarsakian/EWF_Reader v0.0.0-20231017124704-760c6ebc397d/go.mod h1:d6erJYcE1G79EhLFO1lTgteghLoEYyn3B4MEsTR2Hpo=
github.com/aarsakian/EWF_Reader v0.0.0-20231017125543-c8e35559dd3c h1:wQ+QkT3A9Ptcv3VLJ3O9YyhUK7WWRLcRBbuFIlZzRcc=
github.com/aarsakian/EWF_Reader v0.0.0-20231017125543-c8e35559dd3c/go.mod h1:d6erJYcE1G79EhLFO1lTgteghLoEYyn3B4MEsTR2Hpo=
github.com/aarsakian/EWF_Reader v0.0.0-20231026173415-3241290767de h1:3jBsoBzzLd+PfaOFGIG9KLfLFOcdzgyQzg79xb2ltHY=
github.com/aarsakian/EWF_Reader v0.0.0-20231026173415-3241290767de/go.mod h1:d6erJYcE1G79EhLFO1lTgteghLoEYyn3B4MEsTR2Hpo=
github.com/aarsakian/EWF_Reader v0.0.0-20240502065940-177fb8dd4a6d h1:nK1DDH7y0900PlXqtaBwzQWqtvc2Ttm16PUvm0/IlW0=
github.com/aarsakian/EWF_Reader v0.0.0-20240502065940-177fb8dd4a6d/go.mod h1:d6erJYcE1G79EhLFO1lTgteghLoEYyn3B4MEsTR2Hpo=
github.com/aarsakian/MFTExtractor v0.0.0-20231011120430-cb35ae522379 h1:T2lSAVpvGsE2O7olYbLIFoRWTZF02aIZWgqymfKv8c8=
github.com/aarsakian/MFTExtractor v0.0.0-20231011120430-cb35ae522379/go.mod h1:5rDBrKabUaUjAXOiPmJm8AdPAKkKcXit89TF48U8bBE=
github.com/aarsakian/MFTExtractor v0.0.0-20231012164709-8e3d94c6a208 h1:s0GOggLWGsUMioWpEJG873BaNvSQk2VIXUH0s3Fi5mM=
github.com/aarsakian/MFTExtractor v0.0.0-20231012164709-8e3d94c6a208/go.mod h1:5rDBrKabUaUjAXOiPmJm8AdPAKkKcXit89TF48U8bBE=
github.com/aarsakian/MFTExtractor v0.0.0-20231012172230-9337fd902561 h1:kt4oJ3xOf+hLASZn0qUXIm+xQtLLtbJyXkoIKvAzM+E=
github.com/aarsakian/MFTExtractor v0.0.0-20231012172230-9337fd902561/go.mod h1:5rDBrKabUaUjAXOiPmJm8AdPAKkKcXit89TF48U8bBE=
github.com/aarsakian/MFTExtractor v0.0.0-20231012180829-3c346ed526f0 h1:wrSnqi9nImuIvyek9bnnErFsWRNMjefDtZfwkYqK/Z8=
github.com/aarsakian/MFTExtractor v0.0.0-20231012180829-3c346ed526f0/go.mod h1:5rDBrKabUaUjAXOiPmJm8AdPAKkKcXit89TF48U8bBE=
github.com/aarsakian/MFTExtractor v0.0.0-20231014065632-6d7448b8440f h1:9axzyRSCdIOlL3fivRpfuNe9seSVIF5ExoDqfJEtbbc=
github.com/aarsakian/MFTExtractor v0.0.0-20231014065632-6d7448b8440f/go.mod h1:5rDBrKabUaUjAXOiPmJm8AdPAKkKcXit89TF48U8bBE=
github.com/aarsakian/MFTExtractor v0.0.0-20231016082424-988281b9ce6f h1:Y9TI7U6pkZfU4rU677vqPI/XC7FDDEps+T1JMW265os=
github.com/aarsakian/MFTExtractor v0.0.0-20231016082424-988281b9ce6f/go.mod h1:5rDBrKabUaUjAXOiPmJm8AdPAKkKcXit89TF48U8bBE=
github.com/aarsakian/MFTExtractor v0.0.0-20231017064444-4caa1d653257 h1:0iWV/ofUStE2xNMSsitM28GQo99l/PDDfH17L4WdRZs=
github.com/aarsakian/MFTExtractor v0.0.0-20231017064444-4caa1d653257/go.mod h1:mn8wq12AHTpVFgvM5kKExcqhetR95TZFaPIfoort6wk=
github.com/aarsakian/MFTExtractor v0.0.0-20231017125804-5e19a51a76dc h1:LgxILBmHoUIIqu74xtKh3rR+t9l0rFvPJPveksjjMgc=
github.com/aarsakian/MFTExtractor v0.0.0-20231017125804-5e19a51a76dc/go.mod h1:ZVXeEnAE9xOVwayPRuBhKwwENPDBDDMB7LfubDNTshQ=
github.com/aarsakian/MFTExtractor v0.0.0-20231017132447-e6e7ce568466 h1:bapLhTQyAyjxIBmllbfJplP9hE/qNO2G9MbL99kbCHE=
github.com/aarsakian/MFTExtractor v0.0.0-20231017132447-e6e7ce568466/go.mod h1:yT/9IhV/2QzAUxG1P/9/2QP6cau1CwQrDTXtrxV6peQ=
github.com/aarsakian/MFTExtractor v0.0.0-20231125170407-93252d5ea98a h1:j6BRfvCxHn2+W0Ii/lecHw7kkJXpO5IH/6R/fTFPMb8=
github.com/aarsakian/MFTExtractor v0.0.0-20231125170407-93252d5ea98a/go.mod h1:UoZxNJ+rtvtzUrOHLVoUe5dEX4X0Uoly3m7wmp+LR+E=
github.com/aarsakian/MFTExtractor v0.0.0-20231204182130-380790927f1d h1:WXvOAUXGJVrOoD4XoKS6c6RgVxhIXxR8Hlf9AkTgev0=
github.com/aarsakian/MFTExtractor v0.0.0-20231204182130-380790927f1d/go.mod h1:UoZxNJ+rtvtzUrOHLVoUe5dEX4X0Uoly3m7wmp+LR+E=
github.com/aarsakian/MFTExtractor v0.0.0-20231213205220-8fce448036b4 h1:T1eTQtoT7n/kDYpUIAjfpGXbtZ+qLrU8lAlzYYpAkfc=
github.com/aarsakian/MFTExtractor v0.0.0-20231213205220-8fce448036b4/go.mod h1:UoZxNJ+rtvtzUrOHLVoUe5dEX4X0Uoly3m7wmp+LR+E=
github.com/aarsakian/MFTExtractor v0.0.0-20231217081356-a4fb19b3b2f5 h1:rBJU5Q2Ye2TFTD+EXr+VDILToTtA6JVvXq3Eqz57LMY=
github.com/aarsakian/MFTExtractor v0.0.0-20231217081356-a4fb19b3b2f5/go.mod h1:eVzCRsSFEuyyusm6ajK8dnpd8VL2CWx/zadPyNS2jQI=
github.com/aarsakian/MFTExtractor v0.0.0-20231220202513-1662e9b891c6 h1:guQ6pWbi+36jfi/4xCZvXJttXfuYhvYT145uKDqQByw=
github.com/aarsakian/MFTExtractor v0.0.0-20231220202513-1662e9b891c6/go.mod h1:eVzCRsSFEuyyusm6ajK8dnpd8VL2CWx/zadPyNS2jQI=
github.com/aarsakian/MFTExtractor v0.0.0-20240124190539-f985a66a95ee h1:+rsC3wUrWn3ydF5FYPPyc6rjghhIvZ0FjBfxaEdoA9M=
github.com/aarsakian/MFTExtractor v0.0.0-20240124190539-f985a66a95ee/go.mod h1:eVzCRsSFEuyyusm6ajK8dnpd8VL2CWx/zadPyNS2jQI=
github.com/aarsakian/MFTExtractor v0.0.0-20240127073210-ead458595dea h1:In6+kFCRhOQIXIcA7E2y/sq3L1rQXDHfsUKI0lO6XZw=
github.com/aarsakian/MFTExtractor v0.0.0-20240127073210-ead458595dea/go.mod h1:eVzCRsSFEuyyusm6ajK8dnpd8VL2CWx/zadPyNS2jQI=
github.com/aarsakian/MFTExtractor v0.0.0-20240127214728-671d96590ee8 h1:WbN5g5qg4lYVor+j3GlLGBDuEg9IaT5bY/eAAAe/VWg=
github.com/aarsakian/MFTExtractor v0.0.0-20240127214728-671d96590ee8/go.mod h1:eVzCRsSFEuyyusm6ajK8dnpd8VL2CWx/zadPyNS2jQI=
github.com/aarsakian/MFTExtractor v0.0.0-20240213163609-ad496763515a h1:oGS8AMCooAOYnE2SVlPuun3DTyhvqOOaT/7Zpm1VSRo=
github.com/aarsakian/MFTExtractor v0.0.0-20240213163609-ad496763515a/go.mod h1:eVzCRsSFEuyyusm6ajK8dnpd8VL2CWx/zadPyNS2jQI=
github.com/aarsakian/MFTExtractor v0.0.0-20240415152240-65a6d4b9f015 h1:HbDf2wbjJrsoTG7FSLBc8uI+yjz/A5KUzyhdfRttyUk=
github.com/aarsakian/MFTExtractor v0.0.0-20240415152240-65a6d4b9f015/go.mod h1:eVzCRsSFEuyyusm6ajK8dnpd8VL2CWx/zadPyNS2jQI=
github.com/aarsakian/MFTExtractor v0.0.0-20240421062220-18f57d439009 h1:pVOLt7ROWqw9axk9NidT39dwLwSbdEIk9HEqIzobAW8=
github.com/aarsakian/MFTExtractor v0.0.0-20240421062220-18f57d439009/go.mod h1:eVzCRsSFEuyyusm6ajK8dnpd8VL2CWx/zadPyNS2jQI=
github.com/aarsakian/MFTExtractor v0.0.0-20240422154440-1c78020facfb h1:reC9bRbQhtC6ul6EfMnOKUW1zgmav185TExTorBa8/k=
github.com/aarsakian/MFTExtractor v0.0.0-20240422154440-1c78020facfb/go.mod h1:eVzCRsSFEuyyusm6ajK8dnpd8VL2CWx/zadPyNS2jQI=
github.com/aarsakian/MFTExtractor v0.0.0-20240502071847-ef7b71807f11 h1:yLkRjJf8CEreVdc9Ba+/QBM/MtYBYVTBlFjr3u7x5FQ=
github.com/aarsakian/MFTExtractor v0.0.0-20240502071847-ef7b71807f11/go.mod h1:/yIaDsfxSqeoqehuctBITSOKtvs1LRIklEHoLAFY/vU=
github.com/aarsakian/MFTExtractor v0.0.0-20240505160314-bf570b1b5558 h1:jbU74tCuYOLAe3XgmdaBgbSu3dQVz8y+AMTg9KYv9x8=
github.com/aarsakian/MFTExtractor v0.0.0-20240505160314-bf570b1b5558/go.mod h1:/yIaDsfxSqeoqehuctBITSOKtvs1LRIklEHoLAFY/vU=
github.com/aarsakian/MFTExtractor v0.0.0-20240507091314-b26720e3f68e h1:rf3lTgrHrkXax13I3T7JVth6FkSEcuGOqLmVdRxklZc=
github.com/aarsakian/MFTExtractor v0.0.0-20240507091314-b26720e3f68e/go.mod h1:/yIaDsfxSqeoqehuctBITSOKtvs1LRIklEHoLAFY/vU=
github.com/aarsakian/MFTExtractor v0.0.0-20240516060322-b66c633b97fa h1:4GHqlgLCTDQhU3TmZhLPl/tdXDf3pXdfxOTLuL6KQV4=
github.com/aarsakian/MFTExtractor v0.0.0-20240516060322-b66c633b97fa/go.mod h1:/yIaDsfxSqeoqehuctBITSOKtvs1LRIklEHoLAFY/vU=
github.com/aarsakian/VMDK_Reader v0.0.0-20231125163925-d7953de7ce7a h1:G6ncNUUxPwSdpEaL5V7ORcUt970XkPkQOlLt3z/cpD4=
github.com/aarsakian/VMDK_Reader v0.0.0-20231125163925-d7953de7ce7a/go.mod h1:a+SYNiPvKba0NMg3g9BXlLVZflohz06h4veLf0gyySY=
github.com/aarsakian/VMDK_Reader v0.0.0-20231125200246-0c62ab001ed4 h1:/o/ulz5PtMlh1E9/t3e2qWsy8/EpfxRspE+kiEbCNvE=
github.com/aarsakian/VMDK_Reader v0.0.0-20231125200246-0c62ab001ed4/go.mod h1:a+SYNiPvKba0NMg3g9BXlLVZflohz06h4veLf0gyySY=
github.com/aarsakian/VMDK_Reader v0.0.0-20231217080854-ce376de06cd6 h1:BisL7qywjLFfbg9JwDOaJBuQafnA6FvKqzVYwU363AQ=
github.com/aarsakian/VMDK_Reader v0.0.0-20231217080854-ce376de06cd6/go.mod h1:a+SYNiPvKba0NMg3g9BXlLVZflohz06h4veLf0gyySY=
github.com/yuin/goldmark v1.4.13/go.mod h1:6yULJ656Px+3vBD8DxQVa3kxgyrAnzto9xy5taEt/CY=
golang.org/x/crypto v0.0.0-20190308221718-c2843e01d9a2/go.mod h1:djNgcEr1/C05ACkg1iLfiJU5Ep61QUkGW8qpdssI0+w=
golang.org/x/crypto v0.0.0-20210921155107-089bfa567519/go.mod h1:GvvjBRRGRdwPK5ydBHafDWAxML/pGHZbMvKqRZ5+Abc=
golang.org/x/mod v0.6.0-dev.0.20220419223038-86c51ed26bb4/go.mod h1:jJ57K6gSWd91VN4djpZkiMVwK6gcyfeH4XE8wZrZaV4=
golang.org/x/mod v0.8.0/go.mod h1:iBbtSCu2XBx23ZKBPSOrRkjjQPZFPuis4dIYUhu/chs=
golang.org/x/net v0.0.0-20190620200207-3b0461eec859/go.mod h1:z5CRVTTTmAJ677TzLLGU+0bjPO0LkuOLi4/5GtJWs/s=
golang.org/x/net v0.0.0-20210226172049-e18ecbb05110/go.mod h1:m0MpNAwzfU5UDzcl9v0D8zg8gWTRqZa9RBIspLL5mdg=
golang.org/x/net v0.0.0-20220722155237-a158d28d115b/go.mod h1:XRhObCWvk6IyKnWLug+ECip1KBveYUHfp+8e9klMJ9c=
golang.org/x/net v0.6.0/go.mod h1:2Tu9+aMcznHK/AK1HMvgo6xiTLG5rD5rZLDS+rp2Bjs=
golang.org/x/sync v0.0.0-20190423024810-112230192c58/go.mod h1:RxMgew5VJxzue5/jJTE5uejpjVlOe/izrB70Jof72aM=
golang.org/x/sync v0.0.0-20220722155255-886fb9371eb4/go.mod h1:RxMgew5VJxzue5/jJTE5uejpjVlOe/izrB70Jof72aM=
golang.org/x/sync v0.1.0/go.mod h1:RxMgew5VJxzue5/jJTE5uejpjVlOe/izrB70Jof72aM=
golang.org/x/sys v0.0.0-20190215142949-d0b11bdaac8a/go.mod h1:STP8DvDyc/dI5b8T5hshtkjS+E42TnysNCUPdjciGhY=
golang.org/x/sys v0.0.0-20201119102817-f84b799fce68/go.mod h1:h1NjWce9XRLGQEsW7wpKNCjG9DtNlClVuFLEZdDNbEs=
golang.org/x/sys v0.0.0-20210615035016-665e8c7367d1/go.mod h1:oPkhp1MJrh7nUepCBck5+mAzfO9JrbApNNgaTdGDITg=
golang.org/x/sys v0.0.0-20220520151302-bc2c85ada10a/go.mod h1:oPkhp1MJrh7nUepCBck5+mAzfO9JrbApNNgaTdGDITg=
golang.org/x/sys v0.0.0-20220722155257-8c9f86f7a55f/go.mod h1:oPkhp1MJrh7nUepCBck5+mAzfO9JrbApNNgaTdGDITg=
golang.org/x/sys v0.5.0/go.mod h1:oPkhp1MJrh7nUepCBck5+mAzfO9JrbApNNgaTdGDITg=
golang.org/x/sys v0.12.0/go.mod h1:oPkhp1MJrh7nUepCBck5+mAzfO9JrbApNNgaTdGDITg=
golang.org/x/sys v0.13.0 h1:Af8nKPmuFypiUBjVoU9V20FiaFXOcuZI21p0ycVYYGE=
golang.org/x/sys v0.13.0/go.mod h1:oPkhp1MJrh7nUepCBck5+mAzfO9JrbApNNgaTdGDITg=
golang.org/x/sys v0.14.0 h1:Vz7Qs629MkJkGyHxUlRHizWJRG2j8fbQKjELVSNhy7Q=
golang.org/x/sys v0.14.0/go.mod h1:/VUhepiaJMQUp4+oa/7Zr1D23ma6VTLIYjOOTFZPUcA=
golang.org/x/sys v0.15.0 h1:h48lPFYpsTvQJZF4EKyI4aLHaev3CxivZmv7yZig9pc=
golang.org/x/sys v0.15.0/go.mod h1:/VUhepiaJMQUp4+oa/7Zr1D23ma6VTLIYjOOTFZPUcA=
golang.org/x/sys v0.16.0 h1:xWw16ngr6ZMtmxDyKyIgsE93KNKz5HKmMa3b8ALHidU=
golang.org/x/sys v0.16.0/go.mod h1:/VUhepiaJMQUp4+oa/7Zr1D23ma6VTLIYjOOTFZPUcA=
golang.org/x/sys v0.17.0 h1:25cE3gD+tdBA7lp7QfhuV+rJiE9YXTcS3VG1SqssI/Y=
golang.org/x/sys v0.17.0/go.mod h1:/VUhepiaJMQUp4+oa/7Zr1D23ma6VTLIYjOOTFZPUcA=
golang.org/x/term v0.0.0-20201126162022-7de9c90e9dd1/go.mod h1:bj7SfCRtBDWHUb9snDiAeCFNEtKQo2Wmx5Cou7ajbmo=
golang.org/x/term v0.0.0-20210927222741-03fcf44c2211/go.mod h1:jbD1KX2456YbFQfuXm/mYQcufACuNUgVhRMnK/tPxf8=
golang.org/x/term v0.5.0/go.mod h1:jMB1sMXY+tzblOD4FWmEbocvup2/aLOaQEp7JmGp78k=
golang.org/x/text v0.3.0/go.mod h1:NqM8EUOU14njkJ3fqMW+pc6Ldnwhi/IjpwHt7yyuwOQ=
golang.org/x/text v0.3.3/go.mod h1:5Zoc/QRtKVWzQhOtBMvqHzDpF6irO9z98xDceosuGiQ=
golang.org/x/text v0.3.7/go.mod h1:u+2+/6zg+i71rQMx5EYifcz6MCKuco9NR6JIITiCfzQ=
golang.org/x/text v0.7.0/go.mod h1:mrYo+phRRbMaCq/xk9113O4dZlRixOauAjOtrjsXDZ8=
golang.org/x/text v0.13.0 h1:ablQoSUd0tRdKxZewP80B+BaqeKJuVhuRxj/dkrun3k=
golang.org/x/text v0.13.0/go.mod h1:TvPlkZtksWOMsz7fbANvkp4WM8x/WCo/om8BMLbz+aE=
golang.org/x/text v0.14.0 h1:ScX5w1eTa3QqT8oi6+ziP7dTV1S2+ALU0bI+0zXKWiQ=
golang.org/x/text v0.14.0/go.mod h1:18ZOQIKpY8NJVqYksKHtTdi31H5itFRjB5/qKTNYzSU=
golang.org/x/tools v0.0.0-20180917221912-90fa682c2a6e/go.mod h1:n7NCudcB/nEzxVGmLbDWY5pfWTLqBcC2KZ6jyYvM4mQ=
golang.org/x/tools v0.0.0-20191119224855-298f0cb1881e/go.mod h1:b+2E5dAYhXwXZwtnZ6UAqBI28+e2cm9otk0dWdXHAEo=
golang.org/x/tools v0.1.12/go.mod h1:hNGJHUnrk76NpqgfD5Aqm5Crs+Hm0VOH/i9J2+nxYbc=
golang.org/x/tools v0.6.0/go.mod h1:Xwgl3UAJ/d3gWutnCtw505GrjyAbvKui8lOU390QaIU=
golang.org/x/xerrors v0.0.0-20190717185122-a985d3407aa7/go.mod h1:I/5z698sn9Ka8TeJc9MKroUUfqBBauWjQqLJ2OPfmY0=
