github.com/aarsakian/EWF_Reader v0.0.0-20230921172600-708931c9cbbf h1:ZVi+fh3RWjMl4+vxPsHuGKJ1H+2e6V0I2TX+L2V3lpg=
github.com/aarsakian/EWF_Reader v0.0.0-20230921172600-708931c9cbbf/go.mod h1:d6erJYcE1G79EhLFO1lTgteghLoEYyn3B4MEsTR2Hpo=
github.com/aarsakian/MFTExtractor v0.0.0-20231011120430-cb35ae522379 h1:T2lSAVpvGsE2O7olYbLIFoRWTZF02aIZWgqymfKv8c8=
github.com/aarsakian/MFTExtractor v0.0.0-20231011120430-cb35ae522379/go.mod h1:5rDBrKabUaUjAXOiPmJm8AdPAKkKcXit89TF48U8bBE=
golang.org/x/sys v0.13.0 h1:Af8nKPmuFypiUBjVoU9V20FiaFXOcuZI21p0ycVYYGE=
golang.org/x/sys v0.13.0/go.mod h1:oPkhp1MJrh7nUepCBck5+mAzfO9JrbApNNgaTdGDITg=
golang.org/x/text v0.13.0 h1:ablQoSUd0tRdKxZewP80B+BaqeKJuVhuRxj/dkrun3k=
golang.org/x/text v0.13.0/go.mod h1:TvPlkZtksWOMsz7fbANvkp4WM8x/WCo/om8BMLbz+aE=
